// !$*UTF8*$!
{
	archiveVersion = 1;
	classes = {
	};
	objectVersion = 46;
	objects = {

/* Begin PBXBuildFile section */
		47F7A4FC966EEE5EB5430956 /* libPods-AffirmSDKDemo.a in Frameworks */ = {isa = PBXBuildFile; fileRef = E8A02B2F28D490A3B32374B4 /* libPods-AffirmSDKDemo.a */; };
		4E704B761F16CF25000FDFBB /* AffirmSDKUITests.m in Sources */ = {isa = PBXBuildFile; fileRef = 4E704B751F16CF25000FDFBB /* AffirmSDKUITests.m */; };
		4E7A62E91EF83A850067288F /* main.m in Sources */ = {isa = PBXBuildFile; fileRef = 4E7A62E81EF83A850067288F /* main.m */; };
		4E7A62EC1EF83A850067288F /* AppDelegate.m in Sources */ = {isa = PBXBuildFile; fileRef = 4E7A62EB1EF83A850067288F /* AppDelegate.m */; };
		4E7A62EF1EF83A850067288F /* ViewController.m in Sources */ = {isa = PBXBuildFile; fileRef = 4E7A62EE1EF83A850067288F /* ViewController.m */; };
		4E7A62F21EF83A850067288F /* Main.storyboard in Resources */ = {isa = PBXBuildFile; fileRef = 4E7A62F01EF83A850067288F /* Main.storyboard */; };
		4E7A62F41EF83A850067288F /* Assets.xcassets in Resources */ = {isa = PBXBuildFile; fileRef = 4E7A62F31EF83A850067288F /* Assets.xcassets */; };
		4E7A62F71EF83A850067288F /* LaunchScreen.storyboard in Resources */ = {isa = PBXBuildFile; fileRef = 4E7A62F51EF83A850067288F /* LaunchScreen.storyboard */; };
/* End PBXBuildFile section */

/* Begin PBXContainerItemProxy section */
		4E704B781F16CF25000FDFBB /* PBXContainerItemProxy */ = {
			isa = PBXContainerItemProxy;
			containerPortal = 4E7A62DC1EF83A850067288F /* Project object */;
			proxyType = 1;
			remoteGlobalIDString = 4E7A62E31EF83A850067288F;
			remoteInfo = AffirmSDKDemo;
		};
/* End PBXContainerItemProxy section */

/* Begin PBXFileReference section */
		487A1E196EC55F6944E84E12 /* Pods-AffirmSDKDemo.debug.xcconfig */ = {isa = PBXFileReference; includeInIndex = 1; lastKnownFileType = text.xcconfig; name = "Pods-AffirmSDKDemo.debug.xcconfig"; path = "Pods/Target Support Files/Pods-AffirmSDKDemo/Pods-AffirmSDKDemo.debug.xcconfig"; sourceTree = "<group>"; };
		4E704B731F16CF25000FDFBB /* AffirmSDKUITests.xctest */ = {isa = PBXFileReference; explicitFileType = wrapper.cfbundle; includeInIndex = 0; path = AffirmSDKUITests.xctest; sourceTree = BUILT_PRODUCTS_DIR; };
		4E704B751F16CF25000FDFBB /* AffirmSDKUITests.m */ = {isa = PBXFileReference; lastKnownFileType = sourcecode.c.objc; path = AffirmSDKUITests.m; sourceTree = "<group>"; };
		4E704B771F16CF25000FDFBB /* Info.plist */ = {isa = PBXFileReference; lastKnownFileType = text.plist.xml; path = Info.plist; sourceTree = "<group>"; };
		4E7A62E41EF83A850067288F /* AffirmSDKDemo.app */ = {isa = PBXFileReference; explicitFileType = wrapper.application; includeInIndex = 0; path = AffirmSDKDemo.app; sourceTree = BUILT_PRODUCTS_DIR; };
		4E7A62E81EF83A850067288F /* main.m */ = {isa = PBXFileReference; lastKnownFileType = sourcecode.c.objc; path = main.m; sourceTree = "<group>"; };
		4E7A62EA1EF83A850067288F /* AppDelegate.h */ = {isa = PBXFileReference; lastKnownFileType = sourcecode.c.h; path = AppDelegate.h; sourceTree = "<group>"; };
		4E7A62EB1EF83A850067288F /* AppDelegate.m */ = {isa = PBXFileReference; lastKnownFileType = sourcecode.c.objc; path = AppDelegate.m; sourceTree = "<group>"; };
		4E7A62ED1EF83A850067288F /* ViewController.h */ = {isa = PBXFileReference; lastKnownFileType = sourcecode.c.h; path = ViewController.h; sourceTree = "<group>"; };
		4E7A62EE1EF83A850067288F /* ViewController.m */ = {isa = PBXFileReference; lastKnownFileType = sourcecode.c.objc; path = ViewController.m; sourceTree = "<group>"; };
		4E7A62F11EF83A850067288F /* Base */ = {isa = PBXFileReference; lastKnownFileType = file.storyboard; name = Base; path = Base.lproj/Main.storyboard; sourceTree = "<group>"; };
		4E7A62F31EF83A850067288F /* Assets.xcassets */ = {isa = PBXFileReference; lastKnownFileType = folder.assetcatalog; path = Assets.xcassets; sourceTree = "<group>"; };
		4E7A62F61EF83A850067288F /* Base */ = {isa = PBXFileReference; lastKnownFileType = file.storyboard; name = Base; path = Base.lproj/LaunchScreen.storyboard; sourceTree = "<group>"; };
		4E7A62F81EF83A850067288F /* Info.plist */ = {isa = PBXFileReference; lastKnownFileType = text.plist.xml; path = Info.plist; sourceTree = "<group>"; };
		7E208C66A5C31B3D7EACDEBF /* Pods-AffirmSDKDemo.release.xcconfig */ = {isa = PBXFileReference; includeInIndex = 1; lastKnownFileType = text.xcconfig; name = "Pods-AffirmSDKDemo.release.xcconfig"; path = "Pods/Target Support Files/Pods-AffirmSDKDemo/Pods-AffirmSDKDemo.release.xcconfig"; sourceTree = "<group>"; };
		E8A02B2F28D490A3B32374B4 /* libPods-AffirmSDKDemo.a */ = {isa = PBXFileReference; explicitFileType = archive.ar; includeInIndex = 0; path = "libPods-AffirmSDKDemo.a"; sourceTree = BUILT_PRODUCTS_DIR; };
/* End PBXFileReference section */

/* Begin PBXFrameworksBuildPhase section */
		4E704B701F16CF25000FDFBB /* Frameworks */ = {
			isa = PBXFrameworksBuildPhase;
			buildActionMask = 2147483647;
			files = (
			);
			runOnlyForDeploymentPostprocessing = 0;
		};
		4E7A62E11EF83A850067288F /* Frameworks */ = {
			isa = PBXFrameworksBuildPhase;
			buildActionMask = 2147483647;
			files = (
				47F7A4FC966EEE5EB5430956 /* libPods-AffirmSDKDemo.a in Frameworks */,
			);
			runOnlyForDeploymentPostprocessing = 0;
		};
/* End PBXFrameworksBuildPhase section */

/* Begin PBXGroup section */
		4E704B741F16CF25000FDFBB /* AffirmSDKUITests */ = {
			isa = PBXGroup;
			children = (
				4E704B751F16CF25000FDFBB /* AffirmSDKUITests.m */,
				4E704B771F16CF25000FDFBB /* Info.plist */,
			);
			path = AffirmSDKUITests;
			sourceTree = "<group>";
		};
		4E7A62DB1EF83A850067288F = {
			isa = PBXGroup;
			children = (
				4E7A62E61EF83A850067288F /* AffirmSDKDemo */,
				4E704B741F16CF25000FDFBB /* AffirmSDKUITests */,
				4E7A62E51EF83A850067288F /* Products */,
				F3DE9013D6066B3AABF1A9D6 /* Pods */,
				629ABCA4A61E243BA6E925EC /* Frameworks */,
			);
			sourceTree = "<group>";
		};
		4E7A62E51EF83A850067288F /* Products */ = {
			isa = PBXGroup;
			children = (
				4E7A62E41EF83A850067288F /* AffirmSDKDemo.app */,
				4E704B731F16CF25000FDFBB /* AffirmSDKUITests.xctest */,
			);
			name = Products;
			sourceTree = "<group>";
		};
		4E7A62E61EF83A850067288F /* AffirmSDKDemo */ = {
			isa = PBXGroup;
			children = (
				4E7A62EA1EF83A850067288F /* AppDelegate.h */,
				4E7A62EB1EF83A850067288F /* AppDelegate.m */,
				4E7A62ED1EF83A850067288F /* ViewController.h */,
				4E7A62EE1EF83A850067288F /* ViewController.m */,
				4E7A62F01EF83A850067288F /* Main.storyboard */,
				4E7A62F31EF83A850067288F /* Assets.xcassets */,
				4E7A62F51EF83A850067288F /* LaunchScreen.storyboard */,
				4E7A62F81EF83A850067288F /* Info.plist */,
				4E7A62E71EF83A850067288F /* Supporting Files */,
			);
			path = AffirmSDKDemo;
			sourceTree = "<group>";
		};
		4E7A62E71EF83A850067288F /* Supporting Files */ = {
			isa = PBXGroup;
			children = (
				4E7A62E81EF83A850067288F /* main.m */,
			);
			name = "Supporting Files";
			sourceTree = "<group>";
		};
		629ABCA4A61E243BA6E925EC /* Frameworks */ = {
			isa = PBXGroup;
			children = (
				E8A02B2F28D490A3B32374B4 /* libPods-AffirmSDKDemo.a */,
			);
			name = Frameworks;
			sourceTree = "<group>";
		};
		F3DE9013D6066B3AABF1A9D6 /* Pods */ = {
			isa = PBXGroup;
			children = (
				487A1E196EC55F6944E84E12 /* Pods-AffirmSDKDemo.debug.xcconfig */,
				7E208C66A5C31B3D7EACDEBF /* Pods-AffirmSDKDemo.release.xcconfig */,
			);
			name = Pods;
			sourceTree = "<group>";
		};
/* End PBXGroup section */

/* Begin PBXNativeTarget section */
		4E704B721F16CF25000FDFBB /* AffirmSDKUITests */ = {
			isa = PBXNativeTarget;
			buildConfigurationList = 4E704B7C1F16CF25000FDFBB /* Build configuration list for PBXNativeTarget "AffirmSDKUITests" */;
			buildPhases = (
				4E704B6F1F16CF25000FDFBB /* Sources */,
				4E704B701F16CF25000FDFBB /* Frameworks */,
				4E704B711F16CF25000FDFBB /* Resources */,
			);
			buildRules = (
			);
			dependencies = (
				4E704B791F16CF25000FDFBB /* PBXTargetDependency */,
			);
			name = AffirmSDKUITests;
			productName = AffirmSDKUITests;
			productReference = 4E704B731F16CF25000FDFBB /* AffirmSDKUITests.xctest */;
			productType = "com.apple.product-type.bundle.ui-testing";
		};
		4E7A62E31EF83A850067288F /* AffirmSDKDemo */ = {
			isa = PBXNativeTarget;
			buildConfigurationList = 4E7A62FB1EF83A850067288F /* Build configuration list for PBXNativeTarget "AffirmSDKDemo" */;
			buildPhases = (
				A1CA5009FE74BF56895D0870 /* [CP] Check Pods Manifest.lock */,
				4E7A62E01EF83A850067288F /* Sources */,
				4E7A62E11EF83A850067288F /* Frameworks */,
				4E7A62E21EF83A850067288F /* Resources */,
				CFFA2C3413FC09EB6C99BAA7 /* [CP] Embed Pods Frameworks */,
				4A32C189FA66B12121398F06 /* [CP] Copy Pods Resources */,
			);
			buildRules = (
			);
			dependencies = (
			);
			name = AffirmSDKDemo;
			productName = AffirmSDKDemo;
			productReference = 4E7A62E41EF83A850067288F /* AffirmSDKDemo.app */;
			productType = "com.apple.product-type.application";
		};
/* End PBXNativeTarget section */

/* Begin PBXProject section */
		4E7A62DC1EF83A850067288F /* Project object */ = {
			isa = PBXProject;
			attributes = {
				LastUpgradeCheck = 0830;
				ORGANIZATIONNAME = Affirm;
				TargetAttributes = {
					4E704B721F16CF25000FDFBB = {
						CreatedOnToolsVersion = 8.3.2;
						DevelopmentTeam = YD484U2GCW;
						ProvisioningStyle = Automatic;
						TestTargetID = 4E7A62E31EF83A850067288F;
					};
					4E7A62E31EF83A850067288F = {
						CreatedOnToolsVersion = 8.3.2;
						DevelopmentTeam = YD484U2GCW;
						ProvisioningStyle = Automatic;
					};
				};
			};
			buildConfigurationList = 4E7A62DF1EF83A850067288F /* Build configuration list for PBXProject "AffirmSDKDemo" */;
			compatibilityVersion = "Xcode 3.2";
			developmentRegion = English;
			hasScannedForEncodings = 0;
			knownRegions = (
				en,
				Base,
			);
			mainGroup = 4E7A62DB1EF83A850067288F;
			productRefGroup = 4E7A62E51EF83A850067288F /* Products */;
			projectDirPath = "";
			projectRoot = "";
			targets = (
				4E7A62E31EF83A850067288F /* AffirmSDKDemo */,
				4E704B721F16CF25000FDFBB /* AffirmSDKUITests */,
			);
		};
/* End PBXProject section */

/* Begin PBXResourcesBuildPhase section */
		4E704B711F16CF25000FDFBB /* Resources */ = {
			isa = PBXResourcesBuildPhase;
			buildActionMask = 2147483647;
			files = (
			);
			runOnlyForDeploymentPostprocessing = 0;
		};
		4E7A62E21EF83A850067288F /* Resources */ = {
			isa = PBXResourcesBuildPhase;
			buildActionMask = 2147483647;
			files = (
				4E7A62F71EF83A850067288F /* LaunchScreen.storyboard in Resources */,
				4E7A62F41EF83A850067288F /* Assets.xcassets in Resources */,
				4E7A62F21EF83A850067288F /* Main.storyboard in Resources */,
			);
			runOnlyForDeploymentPostprocessing = 0;
		};
/* End PBXResourcesBuildPhase section */

/* Begin PBXShellScriptBuildPhase section */
		4A32C189FA66B12121398F06 /* [CP] Copy Pods Resources */ = {
			isa = PBXShellScriptBuildPhase;
			buildActionMask = 2147483647;
			files = (
			);
			inputPaths = (
			);
			name = "[CP] Copy Pods Resources";
			outputPaths = (
			);
			runOnlyForDeploymentPostprocessing = 0;
			shellPath = /bin/sh;
			shellScript = "\"${SRCROOT}/Pods/Target Support Files/Pods-AffirmSDKDemo/Pods-AffirmSDKDemo-resources.sh\"\n";
			showEnvVarsInLog = 0;
		};
		A1CA5009FE74BF56895D0870 /* [CP] Check Pods Manifest.lock */ = {
			isa = PBXShellScriptBuildPhase;
			buildActionMask = 2147483647;
			files = (
			);
			inputPaths = (
			);
			name = "[CP] Check Pods Manifest.lock";
			outputPaths = (
			);
			runOnlyForDeploymentPostprocessing = 0;
			shellPath = /bin/sh;
			shellScript = "diff \"${PODS_PODFILE_DIR_PATH}/Podfile.lock\" \"${PODS_ROOT}/Manifest.lock\" > /dev/null\nif [ $? != 0 ] ; then\n    # print error to STDERR\n    echo \"error: The sandbox is not in sync with the Podfile.lock. Run 'pod install' or update your CocoaPods installation.\" >&2\n    exit 1\nfi\n";
			showEnvVarsInLog = 0;
		};
		CFFA2C3413FC09EB6C99BAA7 /* [CP] Embed Pods Frameworks */ = {
			isa = PBXShellScriptBuildPhase;
			buildActionMask = 2147483647;
			files = (
			);
			inputPaths = (
			);
			name = "[CP] Embed Pods Frameworks";
			outputPaths = (
			);
			runOnlyForDeploymentPostprocessing = 0;
			shellPath = /bin/sh;
			shellScript = "\"${SRCROOT}/Pods/Target Support Files/Pods-AffirmSDKDemo/Pods-AffirmSDKDemo-frameworks.sh\"\n";
			showEnvVarsInLog = 0;
		};
/* End PBXShellScriptBuildPhase section */

/* Begin PBXSourcesBuildPhase section */
		4E704B6F1F16CF25000FDFBB /* Sources */ = {
			isa = PBXSourcesBuildPhase;
			buildActionMask = 2147483647;
			files = (
				4E704B761F16CF25000FDFBB /* AffirmSDKUITests.m in Sources */,
			);
			runOnlyForDeploymentPostprocessing = 0;
		};
		4E7A62E01EF83A850067288F /* Sources */ = {
			isa = PBXSourcesBuildPhase;
			buildActionMask = 2147483647;
			files = (
				4E7A62EF1EF83A850067288F /* ViewController.m in Sources */,
				4E7A62EC1EF83A850067288F /* AppDelegate.m in Sources */,
				4E7A62E91EF83A850067288F /* main.m in Sources */,
			);
			runOnlyForDeploymentPostprocessing = 0;
		};
/* End PBXSourcesBuildPhase section */

/* Begin PBXTargetDependency section */
		4E704B791F16CF25000FDFBB /* PBXTargetDependency */ = {
			isa = PBXTargetDependency;
			target = 4E7A62E31EF83A850067288F /* AffirmSDKDemo */;
			targetProxy = 4E704B781F16CF25000FDFBB /* PBXContainerItemProxy */;
		};
/* End PBXTargetDependency section */

/* Begin PBXVariantGroup section */
		4E7A62F01EF83A850067288F /* Main.storyboard */ = {
			isa = PBXVariantGroup;
			children = (
				4E7A62F11EF83A850067288F /* Base */,
			);
			name = Main.storyboard;
			sourceTree = "<group>";
		};
		4E7A62F51EF83A850067288F /* LaunchScreen.storyboard */ = {
			isa = PBXVariantGroup;
			children = (
				4E7A62F61EF83A850067288F /* Base */,
			);
			name = LaunchScreen.storyboard;
			sourceTree = "<group>";
		};
/* End PBXVariantGroup section */

/* Begin XCBuildConfiguration section */
		4E704B7A1F16CF25000FDFBB /* Debug */ = {
			isa = XCBuildConfiguration;
			buildSettings = {
				DEVELOPMENT_TEAM = YD484U2GCW;
				INFOPLIST_FILE = AffirmSDKUITests/Info.plist;
				LD_RUNPATH_SEARCH_PATHS = "$(inherited) @executable_path/Frameworks @loader_path/Frameworks";
				PRODUCT_BUNDLE_IDENTIFIER = com.affirm.AffirmSDKUITests;
				PRODUCT_NAME = "$(TARGET_NAME)";
				TEST_TARGET_NAME = AffirmSDKDemo;
			};
			name = Debug;
		};
		4E704B7B1F16CF25000FDFBB /* Release */ = {
			isa = XCBuildConfiguration;
			buildSettings = {
				DEVELOPMENT_TEAM = YD484U2GCW;
				INFOPLIST_FILE = AffirmSDKUITests/Info.plist;
				LD_RUNPATH_SEARCH_PATHS = "$(inherited) @executable_path/Frameworks @loader_path/Frameworks";
				PRODUCT_BUNDLE_IDENTIFIER = com.affirm.AffirmSDKUITests;
				PRODUCT_NAME = "$(TARGET_NAME)";
				TEST_TARGET_NAME = AffirmSDKDemo;
			};
			name = Release;
		};
		4E7A62F91EF83A850067288F /* Debug */ = {
			isa = XCBuildConfiguration;
			buildSettings = {
				ALWAYS_SEARCH_USER_PATHS = NO;
				CLANG_ANALYZER_NONNULL = YES;
				CLANG_ANALYZER_NUMBER_OBJECT_CONVERSION = YES_AGGRESSIVE;
				CLANG_CXX_LANGUAGE_STANDARD = "gnu++0x";
				CLANG_CXX_LIBRARY = "libc++";
				CLANG_ENABLE_MODULES = YES;
				CLANG_ENABLE_OBJC_ARC = YES;
				CLANG_WARN_BOOL_CONVERSION = YES;
				CLANG_WARN_CONSTANT_CONVERSION = YES;
				CLANG_WARN_DIRECT_OBJC_ISA_USAGE = YES_ERROR;
				CLANG_WARN_DOCUMENTATION_COMMENTS = YES;
				CLANG_WARN_EMPTY_BODY = YES;
				CLANG_WARN_ENUM_CONVERSION = YES;
				CLANG_WARN_INFINITE_RECURSION = YES;
				CLANG_WARN_INT_CONVERSION = YES;
				CLANG_WARN_OBJC_ROOT_CLASS = YES_ERROR;
				CLANG_WARN_SUSPICIOUS_MOVE = YES;
				CLANG_WARN_UNREACHABLE_CODE = YES;
				CLANG_WARN__DUPLICATE_METHOD_MATCH = YES;
				"CODE_SIGN_IDENTITY[sdk=iphoneos*]" = "iPhone Developer";
				COPY_PHASE_STRIP = NO;
				DEBUG_INFORMATION_FORMAT = dwarf;
				ENABLE_STRICT_OBJC_MSGSEND = YES;
				ENABLE_TESTABILITY = YES;
				GCC_C_LANGUAGE_STANDARD = gnu99;
				GCC_DYNAMIC_NO_PIC = NO;
				GCC_NO_COMMON_BLOCKS = YES;
				GCC_OPTIMIZATION_LEVEL = 0;
				GCC_PREPROCESSOR_DEFINITIONS = (
					"DEBUG=1",
					"$(inherited)",
				);
				GCC_WARN_64_TO_32_BIT_CONVERSION = YES;
				GCC_WARN_ABOUT_RETURN_TYPE = YES_ERROR;
				GCC_WARN_UNDECLARED_SELECTOR = YES;
				GCC_WARN_UNINITIALIZED_AUTOS = YES_AGGRESSIVE;
				GCC_WARN_UNUSED_FUNCTION = YES;
				GCC_WARN_UNUSED_VARIABLE = YES;
				IPHONEOS_DEPLOYMENT_TARGET = 10.3;
				MTL_ENABLE_DEBUG_INFO = YES;
				ONLY_ACTIVE_ARCH = YES;
				SDKROOT = iphoneos;
			};
			name = Debug;
		};
		4E7A62FA1EF83A850067288F /* Release */ = {
			isa = XCBuildConfiguration;
			buildSettings = {
				ALWAYS_SEARCH_USER_PATHS = NO;
				CLANG_ANALYZER_NONNULL = YES;
				CLANG_ANALYZER_NUMBER_OBJECT_CONVERSION = YES_AGGRESSIVE;
				CLANG_CXX_LANGUAGE_STANDARD = "gnu++0x";
				CLANG_CXX_LIBRARY = "libc++";
				CLANG_ENABLE_MODULES = YES;
				CLANG_ENABLE_OBJC_ARC = YES;
				CLANG_WARN_BOOL_CONVERSION = YES;
				CLANG_WARN_CONSTANT_CONVERSION = YES;
				CLANG_WARN_DIRECT_OBJC_ISA_USAGE = YES_ERROR;
				CLANG_WARN_DOCUMENTATION_COMMENTS = YES;
				CLANG_WARN_EMPTY_BODY = YES;
				CLANG_WARN_ENUM_CONVERSION = YES;
				CLANG_WARN_INFINITE_RECURSION = YES;
				CLANG_WARN_INT_CONVERSION = YES;
				CLANG_WARN_OBJC_ROOT_CLASS = YES_ERROR;
				CLANG_WARN_SUSPICIOUS_MOVE = YES;
				CLANG_WARN_UNREACHABLE_CODE = YES;
				CLANG_WARN__DUPLICATE_METHOD_MATCH = YES;
				"CODE_SIGN_IDENTITY[sdk=iphoneos*]" = "iPhone Developer";
				COPY_PHASE_STRIP = NO;
				DEBUG_INFORMATION_FORMAT = "dwarf-with-dsym";
				ENABLE_NS_ASSERTIONS = NO;
				ENABLE_STRICT_OBJC_MSGSEND = YES;
				GCC_C_LANGUAGE_STANDARD = gnu99;
				GCC_NO_COMMON_BLOCKS = YES;
				GCC_WARN_64_TO_32_BIT_CONVERSION = YES;
				GCC_WARN_ABOUT_RETURN_TYPE = YES_ERROR;
				GCC_WARN_UNDECLARED_SELECTOR = YES;
				GCC_WARN_UNINITIALIZED_AUTOS = YES_AGGRESSIVE;
				GCC_WARN_UNUSED_FUNCTION = YES;
				GCC_WARN_UNUSED_VARIABLE = YES;
				IPHONEOS_DEPLOYMENT_TARGET = 10.3;
				MTL_ENABLE_DEBUG_INFO = NO;
				SDKROOT = iphoneos;
				VALIDATE_PRODUCT = YES;
			};
			name = Release;
		};
		4E7A62FC1EF83A850067288F /* Debug */ = {
			isa = XCBuildConfiguration;
			baseConfigurationReference = 487A1E196EC55F6944E84E12 /* Pods-AffirmSDKDemo.debug.xcconfig */;
			buildSettings = {
				ASSETCATALOG_COMPILER_APPICON_NAME = AppIcon;
				DEVELOPMENT_TEAM = YD484U2GCW;
				INFOPLIST_FILE = AffirmSDKDemo/Info.plist;
				LD_RUNPATH_SEARCH_PATHS = "$(inherited) @executable_path/Frameworks";
				PRODUCT_BUNDLE_IDENTIFIER = com.affirm.AffirmSDKDemo;
				PRODUCT_NAME = "$(TARGET_NAME)";
			};
			name = Debug;
		};
		4E7A62FD1EF83A850067288F /* Release */ = {
			isa = XCBuildConfiguration;
			baseConfigurationReference = 7E208C66A5C31B3D7EACDEBF /* Pods-AffirmSDKDemo.release.xcconfig */;
			buildSettings = {
				ASSETCATALOG_COMPILER_APPICON_NAME = AppIcon;
				DEVELOPMENT_TEAM = YD484U2GCW;
				INFOPLIST_FILE = AffirmSDKDemo/Info.plist;
				LD_RUNPATH_SEARCH_PATHS = "$(inherited) @executable_path/Frameworks";
				PRODUCT_BUNDLE_IDENTIFIER = com.affirm.AffirmSDKDemo;
				PRODUCT_NAME = "$(TARGET_NAME)";
			};
			name = Release;
		};
/* End XCBuildConfiguration section */

/* Begin XCConfigurationList section */
		4E704B7C1F16CF25000FDFBB /* Build configuration list for PBXNativeTarget "AffirmSDKUITests" */ = {
			isa = XCConfigurationList;
			buildConfigurations = (
				4E704B7A1F16CF25000FDFBB /* Debug */,
				4E704B7B1F16CF25000FDFBB /* Release */,
			);
			defaultConfigurationIsVisible = 0;
		};
		4E7A62DF1EF83A850067288F /* Build configuration list for PBXProject "AffirmSDKDemo" */ = {
			isa = XCConfigurationList;
			buildConfigurations = (
				4E7A62F91EF83A850067288F /* Debug */,
				4E7A62FA1EF83A850067288F /* Release */,
			);
			defaultConfigurationIsVisible = 0;
			defaultConfigurationName = Release;
		};
		4E7A62FB1EF83A850067288F /* Build configuration list for PBXNativeTarget "AffirmSDKDemo" */ = {
			isa = XCConfigurationList;
			buildConfigurations = (
				4E7A62FC1EF83A850067288F /* Debug */,
				4E7A62FD1EF83A850067288F /* Release */,
			);
			defaultConfigurationIsVisible = 0;
			defaultConfigurationName = Release;
		};
/* End XCConfigurationList section */
	};
	rootObject = 4E7A62DC1EF83A850067288F /* Project object */;
}
